
Microsoft Visual Studio Solution File, Format Version 12.00
# Visual Studio 14
VisualStudioVersion = 14.0.25420.1
MinimumVisualStudioVersion = 10.0.40219.1
Project("{2150E333-8FDC-42A3-9474-1A3956D46DE8}") = "Solution Documents", "Solution Documents", "{086AA8DF-4965-4FD2-B13A-490F8C96BE6A}"
	ProjectSection(SolutionItems) = preProject
		..\BISolutionsWorksheets.xlsx = ..\BISolutionsWorksheets.xlsx
		..\Information Package.docx = ..\Information Package.docx
		..\RedwoodStarSchema.vsdx = ..\RedwoodStarSchema.vsdx
	EndProjectSection
EndProject
Project("{2150E333-8FDC-42A3-9474-1A3956D46DE8}") = "RedwoodDW", "RedwoodDW", "{8AEDFD62-F3C6-4055-81A1-11A88FF96174}"
	ProjectSection(SolutionItems) = preProject
		..\BuildRedwoodDW.sql = ..\BuildRedwoodDW.sql
	EndProjectSection
EndProject
Project("{159641D6-6404-4A2A-AE62-294DE0FE8301}") = "RedwoodETL", "RedwoodETL\RedwoodETL.dtproj", "{561EB110-7CEF-4756-9B04-08C8F10D1C7D}"
EndProject
Project("{2150E333-8FDC-42A3-9474-1A3956D46DE8}") = "DWAnalysis", "DWAnalysis", "{3098B932-FCE2-4F42-90F5-67382F5CC0A6}"
	ProjectSection(SolutionItems) = preProject
		..\PowerPivot_Agent.xlsx = ..\PowerPivot_Agent.xlsx
		..\PowerPivot_Agent2.xlsx = ..\PowerPivot_Agent2.xlsx
		..\DWAnalysis\PropertyTurnover.xlsx = ..\DWAnalysis\PropertyTurnover.xlsx
	EndProjectSection
EndProject
Project("{D2ABAB84-BF74-430A-B69E-9DC6D40DDA17}") = "SSAS_RedwoodDW", "SSAS_RedwoodDW\SSAS_RedwoodDW.dwproj", "{D4221EBE-3420-4A72-B519-9658ADDA1F41}"
EndProject
Project("{2150E333-8FDC-42A3-9474-1A3956D46DE8}") = "PowerBI", "PowerBI", "{E7ABAC6E-1178-427E-9D77-5E6AD267BB88}"
	ProjectSection(SolutionItems) = preProject
		..\PowerBI\Redwood_PhaseV_Analysis.pbix = ..\PowerBI\Redwood_PhaseV_Analysis.pbix
	EndProjectSection
EndProject
Global
	GlobalSection(SolutionConfigurationPlatforms) = preSolution
		Development|Default = Development|Default
	EndGlobalSection
	GlobalSection(ProjectConfigurationPlatforms) = postSolution
		{561EB110-7CEF-4756-9B04-08C8F10D1C7D}.Development|Default.ActiveCfg = Development
		{561EB110-7CEF-4756-9B04-08C8F10D1C7D}.Development|Default.Build.0 = Development
		{D4221EBE-3420-4A72-B519-9658ADDA1F41}.Development|Default.ActiveCfg = Development
		{D4221EBE-3420-4A72-B519-9658ADDA1F41}.Development|Default.Build.0 = Development
		{D4221EBE-3420-4A72-B519-9658ADDA1F41}.Development|Default.Deploy.0 = Development
	EndGlobalSection
	GlobalSection(SolutionProperties) = preSolution
		HideSolutionNode = FALSE
	EndGlobalSection
EndGlobal
